// !$*UTF8*$!
{
	archiveVersion = 1;
	classes = {
	};
	objectVersion = 56;
	objects = {

/* Begin PBXBuildFile section */
		B0A3CB442991482300749665 /* Assets.xcassets in Resources */ = {isa = PBXBuildFile; fileRef = B0A3CB432991482300749665 /* Assets.xcassets */; };
		B0A3CB482991482300749665 /* CCTAppDelegate.swift in Sources */ = {isa = PBXBuildFile; fileRef = B0A3CB472991482300749665 /* CCTAppDelegate.swift */; };
		B0A3CB4A2991482300749665 /* CCTSceneDelegate.swift in Sources */ = {isa = PBXBuildFile; fileRef = B0A3CB492991482300749665 /* CCTSceneDelegate.swift */; };
		B0A3CB4C2991482300749665 /* CCTSceneDelegate+NSToolbar.swift in Sources */ = {isa = PBXBuildFile; fileRef = B0A3CB4B2991482300749665 /* CCTSceneDelegate+NSToolbar.swift */; };
		B0A3CB4F2991482300749665 /* CCTMainViewController.swift in Sources */ = {isa = PBXBuildFile; fileRef = B0A3CB4E2991482300749665 /* CCTMainViewController.swift */; };
		B0A3CB522991482300749665 /* LaunchScreen.storyboard in Resources */ = {isa = PBXBuildFile; fileRef = B0A3CB502991482300749665 /* LaunchScreen.storyboard */; };
		B0A3CB5A2991489000749665 /* CCTCustomToolbarViewController.swift in Sources */ = {isa = PBXBuildFile; fileRef = B0A3CB592991489000749665 /* CCTCustomToolbarViewController.swift */; };
		B0A3CB5D299148D400749665 /* AppleUniversalCore in Frameworks */ = {isa = PBXBuildFile; productRef = B0A3CB5C299148D400749665 /* AppleUniversalCore */; };
/* End PBXBuildFile section */

/* Begin PBXFileReference section */
		B0A3CB402991482300749665 /* CatalystCustomToolbar.app */ = {isa = PBXFileReference; explicitFileType = wrapper.application; includeInIndex = 0; path = CatalystCustomToolbar.app; sourceTree = BUILT_PRODUCTS_DIR; };
		B0A3CB432991482300749665 /* Assets.xcassets */ = {isa = PBXFileReference; lastKnownFileType = folder.assetcatalog; path = Assets.xcassets; sourceTree = "<group>"; };
		B0A3CB472991482300749665 /* CCTAppDelegate.swift */ = {isa = PBXFileReference; lastKnownFileType = sourcecode.swift; path = CCTAppDelegate.swift; sourceTree = "<group>"; };
		B0A3CB492991482300749665 /* CCTSceneDelegate.swift */ = {isa = PBXFileReference; lastKnownFileType = sourcecode.swift; path = CCTSceneDelegate.swift; sourceTree = "<group>"; };
		B0A3CB4B2991482300749665 /* CCTSceneDelegate+NSToolbar.swift */ = {isa = PBXFileReference; lastKnownFileType = sourcecode.swift; path = "CCTSceneDelegate+NSToolbar.swift"; sourceTree = "<group>"; };
		B0A3CB4E2991482300749665 /* CCTMainViewController.swift */ = {isa = PBXFileReference; lastKnownFileType = sourcecode.swift; path = CCTMainViewController.swift; sourceTree = "<group>"; };
		B0A3CB512991482300749665 /* Base */ = {isa = PBXFileReference; lastKnownFileType = file.storyboard; name = Base; path = Base.lproj/LaunchScreen.storyboard; sourceTree = "<group>"; };
		B0A3CB532991482300749665 /* Info.plist */ = {isa = PBXFileReference; lastKnownFileType = text.plist.xml; path = Info.plist; sourceTree = "<group>"; };
		B0A3CB592991489000749665 /* CCTCustomToolbarViewController.swift */ = {isa = PBXFileReference; lastKnownFileType = sourcecode.swift; path = CCTCustomToolbarViewController.swift; sourceTree = "<group>"; };
		B0A3CB5E2991542300749665 /* README.md */ = {isa = PBXFileReference; lastKnownFileType = net.daringfireball.markdown; path = README.md; sourceTree = "<group>"; };
/* End PBXFileReference section */

/* Begin PBXFrameworksBuildPhase section */
		B0A3CB3D2991482300749665 /* Frameworks */ = {
			isa = PBXFrameworksBuildPhase;
			buildActionMask = 2147483647;
			files = (
				B0A3CB5D299148D400749665 /* AppleUniversalCore in Frameworks */,
			);
			runOnlyForDeploymentPostprocessing = 0;
		};
/* End PBXFrameworksBuildPhase section */

/* Begin PBXGroup section */
		B0A3CB372991482300749665 = {
			isa = PBXGroup;
			children = (
				B0A3CB5E2991542300749665 /* README.md */,
				B0A3CB422991482300749665 /* CatalystCustomToolbar */,
				B0A3CB412991482300749665 /* Products */,
			);
			sourceTree = "<group>";
		};
		B0A3CB412991482300749665 /* Products */ = {
			isa = PBXGroup;
			children = (
				B0A3CB402991482300749665 /* CatalystCustomToolbar.app */,
			);
			name = Products;
			sourceTree = "<group>";
		};
		B0A3CB422991482300749665 /* CatalystCustomToolbar */ = {
			isa = PBXGroup;
			children = (
				B0A3CB432991482300749665 /* Assets.xcassets */,
				B0A3CB502991482300749665 /* LaunchScreen.storyboard */,
				B0A3CB532991482300749665 /* Info.plist */,
				B0A3CB452991482300749665 /* Source */,
			);
			path = CatalystCustomToolbar;
			sourceTree = "<group>";
		};
		B0A3CB452991482300749665 /* Source */ = {
			isa = PBXGroup;
			children = (
				B0A3CB462991482300749665 /* Application */,
				B0A3CB4D2991482300749665 /* Main */,
			);
			path = Source;
			sourceTree = "<group>";
		};
		B0A3CB462991482300749665 /* Application */ = {
			isa = PBXGroup;
			children = (
				B0A3CB472991482300749665 /* CCTAppDelegate.swift */,
				B0A3CB492991482300749665 /* CCTSceneDelegate.swift */,
				B0A3CB4B2991482300749665 /* CCTSceneDelegate+NSToolbar.swift */,
			);
			path = Application;
			sourceTree = "<group>";
		};
		B0A3CB4D2991482300749665 /* Main */ = {
			isa = PBXGroup;
			children = (
				B0A3CB4E2991482300749665 /* CCTMainViewController.swift */,
				B0A3CB592991489000749665 /* CCTCustomToolbarViewController.swift */,
			);
			path = Main;
			sourceTree = "<group>";
		};
/* End PBXGroup section */

/* Begin PBXNativeTarget section */
		B0A3CB3F2991482300749665 /* CatalystCustomToolbar */ = {
			isa = PBXNativeTarget;
			buildConfigurationList = B0A3CB562991482300749665 /* Build configuration list for PBXNativeTarget "CatalystCustomToolbar" */;
			buildPhases = (
				B0A3CB3C2991482300749665 /* Sources */,
				B0A3CB3D2991482300749665 /* Frameworks */,
				B0A3CB3E2991482300749665 /* Resources */,
			);
			buildRules = (
			);
			dependencies = (
			);
			name = CatalystCustomToolbar;
			packageProductDependencies = (
				B0A3CB5C299148D400749665 /* AppleUniversalCore */,
			);
			productName = CatalystCustomToolbar;
			productReference = B0A3CB402991482300749665 /* CatalystCustomToolbar.app */;
			productType = "com.apple.product-type.application";
		};
/* End PBXNativeTarget section */

/* Begin PBXProject section */
		B0A3CB382991482300749665 /* Project object */ = {
			isa = PBXProject;
			attributes = {
				BuildIndependentTargetsInParallel = 1;
				CLASSPREFIX = CCT;
				LastSwiftUpdateCheck = 1420;
				LastUpgradeCheck = 1420;
				TargetAttributes = {
					B0A3CB3F2991482300749665 = {
						CreatedOnToolsVersion = 14.2;
					};
				};
			};
			buildConfigurationList = B0A3CB3B2991482300749665 /* Build configuration list for PBXProject "CatalystCustomToolbar" */;
			compatibilityVersion = "Xcode 14.0";
			developmentRegion = en;
			hasScannedForEncodings = 0;
			knownRegions = (
				en,
				Base,
			);
			mainGroup = B0A3CB372991482300749665;
			packageReferences = (
				B0A3CB5B299148D400749665 /* XCRemoteSwiftPackageReference "AppleUniversalCore" */,
			);
			productRefGroup = B0A3CB412991482300749665 /* Products */;
			projectDirPath = "";
			projectRoot = "";
			targets = (
				B0A3CB3F2991482300749665 /* CatalystCustomToolbar */,
			);
		};
/* End PBXProject section */

/* Begin PBXResourcesBuildPhase section */
		B0A3CB3E2991482300749665 /* Resources */ = {
			isa = PBXResourcesBuildPhase;
			buildActionMask = 2147483647;
			files = (
				B0A3CB442991482300749665 /* Assets.xcassets in Resources */,
				B0A3CB522991482300749665 /* LaunchScreen.storyboard in Resources */,
			);
			runOnlyForDeploymentPostprocessing = 0;
		};
/* End PBXResourcesBuildPhase section */

/* Begin PBXSourcesBuildPhase section */
		B0A3CB3C2991482300749665 /* Sources */ = {
			isa = PBXSourcesBuildPhase;
			buildActionMask = 2147483647;
			files = (
				B0A3CB4F2991482300749665 /* CCTMainViewController.swift in Sources */,
				B0A3CB4A2991482300749665 /* CCTSceneDelegate.swift in Sources */,
				B0A3CB5A2991489000749665 /* CCTCustomToolbarViewController.swift in Sources */,
				B0A3CB4C2991482300749665 /* CCTSceneDelegate+NSToolbar.swift in Sources */,
				B0A3CB482991482300749665 /* CCTAppDelegate.swift in Sources */,
			);
			runOnlyForDeploymentPostprocessing = 0;
		};
/* End PBXSourcesBuildPhase section */

/* Begin PBXVariantGroup section */
		B0A3CB502991482300749665 /* LaunchScreen.storyboard */ = {
			isa = PBXVariantGroup;
			children = (
				B0A3CB512991482300749665 /* Base */,
			);
			name = LaunchScreen.storyboard;
			sourceTree = "<group>";
		};
/* End PBXVariantGroup section */

/* Begin XCBuildConfiguration section */
		B0A3CB542991482300749665 /* Debug */ = {
			isa = XCBuildConfiguration;
			buildSettings = {
				ALWAYS_SEARCH_USER_PATHS = NO;
				CLANG_ANALYZER_NONNULL = YES;
				CLANG_ANALYZER_NUMBER_OBJECT_CONVERSION = YES_AGGRESSIVE;
				CLANG_CXX_LANGUAGE_STANDARD = "gnu++20";
				CLANG_ENABLE_MODULES = YES;
				CLANG_ENABLE_OBJC_ARC = YES;
				CLANG_ENABLE_OBJC_WEAK = YES;
				CLANG_WARN_BLOCK_CAPTURE_AUTORELEASING = YES;
				CLANG_WARN_BOOL_CONVERSION = YES;
				CLANG_WARN_COMMA = YES;
				CLANG_WARN_CONSTANT_CONVERSION = YES;
				CLANG_WARN_DEPRECATED_OBJC_IMPLEMENTATIONS = YES;
				CLANG_WARN_DIRECT_OBJC_ISA_USAGE = YES_ERROR;
				CLANG_WARN_DOCUMENTATION_COMMENTS = YES;
				CLANG_WARN_EMPTY_BODY = YES;
				CLANG_WARN_ENUM_CONVERSION = YES;
				CLANG_WARN_INFINITE_RECURSION = YES;
				CLANG_WARN_INT_CONVERSION = YES;
				CLANG_WARN_NON_LITERAL_NULL_CONVERSION = YES;
				CLANG_WARN_OBJC_IMPLICIT_RETAIN_SELF = YES;
				CLANG_WARN_OBJC_LITERAL_CONVERSION = YES;
				CLANG_WARN_OBJC_ROOT_CLASS = YES_ERROR;
				CLANG_WARN_QUOTED_INCLUDE_IN_FRAMEWORK_HEADER = YES;
				CLANG_WARN_RANGE_LOOP_ANALYSIS = YES;
				CLANG_WARN_STRICT_PROTOTYPES = YES;
				CLANG_WARN_SUSPICIOUS_MOVE = YES;
				CLANG_WARN_UNGUARDED_AVAILABILITY = YES_AGGRESSIVE;
				CLANG_WARN_UNREACHABLE_CODE = YES;
				CLANG_WARN__DUPLICATE_METHOD_MATCH = YES;
				"CODE_SIGN_IDENTITY[sdk=iphoneos*]" = "iPhone Developer";
				COPY_PHASE_STRIP = NO;
				DEBUG_INFORMATION_FORMAT = dwarf;
				ENABLE_STRICT_OBJC_MSGSEND = YES;
				ENABLE_TESTABILITY = YES;
				GCC_C_LANGUAGE_STANDARD = gnu11;
				GCC_DYNAMIC_NO_PIC = NO;
				GCC_NO_COMMON_BLOCKS = YES;
				GCC_OPTIMIZATION_LEVEL = 0;
				GCC_PREPROCESSOR_DEFINITIONS = (
					"DEBUG=1",
					"$(inherited)",
				);
				GCC_WARN_64_TO_32_BIT_CONVERSION = YES;
				GCC_WARN_ABOUT_RETURN_TYPE = YES_ERROR;
				GCC_WARN_UNDECLARED_SELECTOR = YES;
				GCC_WARN_UNINITIALIZED_AUTOS = YES_AGGRESSIVE;
				GCC_WARN_UNUSED_FUNCTION = YES;
				GCC_WARN_UNUSED_VARIABLE = YES;
				MTL_ENABLE_DEBUG_INFO = INCLUDE_SOURCE;
				MTL_FAST_MATH = YES;
				ONLY_ACTIVE_ARCH = YES;
				SWIFT_ACTIVE_COMPILATION_CONDITIONS = DEBUG;
				SWIFT_OPTIMIZATION_LEVEL = "-Onone";
				SWIFT_VERSION = 5.0;
			};
			name = Debug;
		};
		B0A3CB552991482300749665 /* Release */ = {
			isa = XCBuildConfiguration;
			buildSettings = {
				ALWAYS_SEARCH_USER_PATHS = NO;
				CLANG_ANALYZER_NONNULL = YES;
				CLANG_ANALYZER_NUMBER_OBJECT_CONVERSION = YES_AGGRESSIVE;
				CLANG_CXX_LANGUAGE_STANDARD = "gnu++20";
				CLANG_ENABLE_MODULES = YES;
				CLANG_ENABLE_OBJC_ARC = YES;
				CLANG_ENABLE_OBJC_WEAK = YES;
				CLANG_WARN_BLOCK_CAPTURE_AUTORELEASING = YES;
				CLANG_WARN_BOOL_CONVERSION = YES;
				CLANG_WARN_COMMA = YES;
				CLANG_WARN_CONSTANT_CONVERSION = YES;
				CLANG_WARN_DEPRECATED_OBJC_IMPLEMENTATIONS = YES;
				CLANG_WARN_DIRECT_OBJC_ISA_USAGE = YES_ERROR;
				CLANG_WARN_DOCUMENTATION_COMMENTS = YES;
				CLANG_WARN_EMPTY_BODY = YES;
				CLANG_WARN_ENUM_CONVERSION = YES;
				CLANG_WARN_INFINITE_RECURSION = YES;
				CLANG_WARN_INT_CONVERSION = YES;
				CLANG_WARN_NON_LITERAL_NULL_CONVERSION = YES;
				CLANG_WARN_OBJC_IMPLICIT_RETAIN_SELF = YES;
				CLANG_WARN_OBJC_LITERAL_CONVERSION = YES;
				CLANG_WARN_OBJC_ROOT_CLASS = YES_ERROR;
				CLANG_WARN_QUOTED_INCLUDE_IN_FRAMEWORK_HEADER = YES;
				CLANG_WARN_RANGE_LOOP_ANALYSIS = YES;
				CLANG_WARN_STRICT_PROTOTYPES = YES;
				CLANG_WARN_SUSPICIOUS_MOVE = YES;
				CLANG_WARN_UNGUARDED_AVAILABILITY = YES_AGGRESSIVE;
				CLANG_WARN_UNREACHABLE_CODE = YES;
				CLANG_WARN__DUPLICATE_METHOD_MATCH = YES;
				"CODE_SIGN_IDENTITY[sdk=iphoneos*]" = "iPhone Developer";
				COPY_PHASE_STRIP = NO;
				DEBUG_INFORMATION_FORMAT = "dwarf-with-dsym";
				ENABLE_NS_ASSERTIONS = NO;
				ENABLE_STRICT_OBJC_MSGSEND = YES;
				GCC_C_LANGUAGE_STANDARD = gnu11;
				GCC_NO_COMMON_BLOCKS = YES;
				GCC_WARN_64_TO_32_BIT_CONVERSION = YES;
				GCC_WARN_ABOUT_RETURN_TYPE = YES_ERROR;
				GCC_WARN_UNDECLARED_SELECTOR = YES;
				GCC_WARN_UNINITIALIZED_AUTOS = YES_AGGRESSIVE;
				GCC_WARN_UNUSED_FUNCTION = YES;
				GCC_WARN_UNUSED_VARIABLE = YES;
				MTL_ENABLE_DEBUG_INFO = NO;
				MTL_FAST_MATH = YES;
				SWIFT_COMPILATION_MODE = wholemodule;
				SWIFT_OPTIMIZATION_LEVEL = "-O";
				SWIFT_VERSION = 5.0;
			};
			name = Release;
		};
		B0A3CB572991482300749665 /* Debug */ = {
			isa = XCBuildConfiguration;
			buildSettings = {
				ASSETCATALOG_COMPILER_APPICON_NAME = AppIcon;
				CLANG_STATIC_ANALYZER_MODE = deep;
				CODE_SIGN_IDENTITY = "iPhone Developer";
				CODE_SIGN_STYLE = Automatic;
				CURRENT_PROJECT_VERSION = 1;
				DEVELOPMENT_TEAM = 2ZDN69KUUV;
				GCC_TREAT_WARNINGS_AS_ERRORS = deep;
				GCC_WARN_PEDANTIC = deep;
				GENERATE_INFOPLIST_FILE = YES;
				INFOPLIST_FILE = "$(PRODUCT_NAME)/Info.plist";
				IPHONEOS_DEPLOYMENT_TARGET = 15.0;
				"IPHONEOS_DEPLOYMENT_TARGET[sdk=macosx*]" = 15.0;
				LD_RUNPATH_SEARCH_PATHS = (
					"$(inherited)",
					"@executable_path/Frameworks",
				);
				MARKETING_VERSION = 1.0;
				PRODUCT_BUNDLE_IDENTIFIER = com.highcaffeinecontent.CatalystCustomToolbar;
				PRODUCT_NAME = CatalystCustomToolbar;
				RUN_CLANG_STATIC_ANALYZER = YES;
				SDKROOT = iphoneos;
				SUPPORTS_MACCATALYST = YES;
				SWIFT_EMIT_LOC_STRINGS = YES;
				SWIFT_TREAT_WARNINGS_AS_ERRORS = YES;
				SWIFT_VERSION = 5.0;
				TARGETED_DEVICE_FAMILY = "1,2,6";
			};
			name = Debug;
		};
		B0A3CB582991482300749665 /* Release */ = {
			isa = XCBuildConfiguration;
			buildSettings = {
				ASSETCATALOG_COMPILER_APPICON_NAME = AppIcon;
				CLANG_STATIC_ANALYZER_MODE = deep;
				CODE_SIGN_IDENTITY = "iPhone Developer";
				CODE_SIGN_STYLE = Automatic;
				CURRENT_PROJECT_VERSION = 1;
				DEVELOPMENT_TEAM = 2ZDN69KUUV;
				GCC_TREAT_WARNINGS_AS_ERRORS = deep;
				GCC_WARN_PEDANTIC = deep;
				GENERATE_INFOPLIST_FILE = YES;
				INFOPLIST_FILE = "$(PRODUCT_NAME)/Info.plist";
				IPHONEOS_DEPLOYMENT_TARGET = 15.0;
				"IPHONEOS_DEPLOYMENT_TARGET[sdk=macosx*]" = 15.0;
				LD_RUNPATH_SEARCH_PATHS = (
					"$(inherited)",
					"@executable_path/Frameworks",
				);
				MARKETING_VERSION = 1.0;
				PRODUCT_BUNDLE_IDENTIFIER = com.highcaffeinecontent.CatalystCustomToolbar;
				PRODUCT_NAME = CatalystCustomToolbar;
				RUN_CLANG_STATIC_ANALYZER = YES;
				SDKROOT = iphoneos;
				SUPPORTS_MACCATALYST = YES;
				SWIFT_EMIT_LOC_STRINGS = YES;
				SWIFT_TREAT_WARNINGS_AS_ERRORS = YES;
				SWIFT_VERSION = 5.0;
				TARGETED_DEVICE_FAMILY = "1,2,6";
				VALIDATE_PRODUCT = YES;
			};
			name = Release;
		};
/* End XCBuildConfiguration section */

/* Begin XCConfigurationList section */
		B0A3CB3B2991482300749665 /* Build configuration list for PBXProject "CatalystCustomToolbar" */ = {
			isa = XCConfigurationList;
			buildConfigurations = (
				B0A3CB542991482300749665 /* Debug */,
				B0A3CB552991482300749665 /* Release */,
			);
			defaultConfigurationIsVisible = 0;
			defaultConfigurationName = Release;
		};
		B0A3CB562991482300749665 /* Build configuration list for PBXNativeTarget "CatalystCustomToolbar" */ = {
			isa = XCConfigurationList;
			buildConfigurations = (
				B0A3CB572991482300749665 /* Debug */,
				B0A3CB582991482300749665 /* Release */,
			);
			defaultConfigurationIsVisible = 0;
			defaultConfigurationName = Release;
		};
/* End XCConfigurationList section */

/* Begin XCRemoteSwiftPackageReference section */
		B0A3CB5B299148D400749665 /* XCRemoteSwiftPackageReference "AppleUniversalCore" */ = {
			isa = XCRemoteSwiftPackageReference;
			repositoryURL = "https://github.com/steventroughtonsmith/AppleUniversalCore.git";
			requirement = {
				branch = main;
				kind = branch;
			};
		};
/* End XCRemoteSwiftPackageReference section */

/* Begin XCSwiftPackageProductDependency section */
		B0A3CB5C299148D400749665 /* AppleUniversalCore */ = {
			isa = XCSwiftPackageProductDependency;
			package = B0A3CB5B299148D400749665 /* XCRemoteSwiftPackageReference "AppleUniversalCore" */;
			productName = AppleUniversalCore;
		};
/* End XCSwiftPackageProductDependency section */
	};
	rootObject = B0A3CB382991482300749665 /* Project object */;
}
